
Microsoft Visual Studio Solution File, Format Version 12.00
# Visual Studio 15
VisualStudioVersion = 15.0.27130.2010
MinimumVisualStudioVersion = 10.0.40219.1
Project("{2150E333-8FDC-42A3-9474-1A3956D46DE8}") = "2. Service", "2. Service", "{5B58761A-F8B5-4C66-B132-85A5F7271438}"
EndProject
Project("{2150E333-8FDC-42A3-9474-1A3956D46DE8}") = "3. Repository", "3. Repository", "{4259183F-DAAD-478E-929D-0889F3F607D0}"
EndProject
Project("{2150E333-8FDC-42A3-9474-1A3956D46DE8}") = "1. Web", "1. Web", "{BA388B84-DB57-4F6F-9A59-29207F66D55D}"
EndProject
Project("{2150E333-8FDC-42A3-9474-1A3956D46DE8}") = "4. Cross", "4. Cross", "{E4AD64A9-ECFE-4840-98C5-D356EEC25E99}"
EndProject
Project("{9A19103F-16F7-4668-BE54-9A1E7A4F7556}") = "BETSTS.Contract.Service", "Service\BETSTS.Contract.Service\BETSTS.Contract.Service.csproj", "{7C99C442-7EB2-4E03-B857-45BD53B3B0C8}"
EndProject
Project("{9A19103F-16F7-4668-BE54-9A1E7A4F7556}") = "BETSTS.Service", "Service\BETSTS.Service\BETSTS.Service.csproj", "{F9E9464D-F560-471A-8F77-057C8B583148}"
EndProject
Project("{9A19103F-16F7-4668-BE54-9A1E7A4F7556}") = "BETSTS.Repository", "Repository\BETSTS.Repository\BETSTS.Repository.csproj", "{73EFCA57-81EC-41A4-9B24-5D4E73A4150A}"
EndProject
Project("{9A19103F-16F7-4668-BE54-9A1E7A4F7556}") = "BETSTS.Contract.Repository", "Repository\BETSTS.Contract.Repository\BETSTS.Contract.Repository.csproj", "{75BB8531-3797-4CF5-902F-58F16408371D}"
EndProject
Project("{9A19103F-16F7-4668-BE54-9A1E7A4F7556}") = "BETSTS.Core", "Cross\BETSTS.Core\BETSTS.Core.csproj", "{85A6C4B3-BB86-4DED-8B12-37D78EA572FA}"
EndProject
Project("{9A19103F-16F7-4668-BE54-9A1E7A4F7556}") = "BETSTS.Mapper", "Cross\BETSTS.Mapper\BETSTS.Mapper.csproj", "{92136C81-C464-4B90-AA4F-46B74463128C}"
EndProject
Project("{9A19103F-16F7-4668-BE54-9A1E7A4F7556}") = "BETSTS", "Web\BETSTS\BETSTS.csproj", "{4D21A7FB-846B-4584-AFF9-620EFF2F3F3C}"
EndProject
Global
	GlobalSection(SolutionConfigurationPlatforms) = preSolution
		Debug|Any CPU = Debug|Any CPU
		Release|Any CPU = Release|Any CPU
	EndGlobalSection
	GlobalSection(ProjectConfigurationPlatforms) = postSolution
		{7C99C442-7EB2-4E03-B857-45BD53B3B0C8}.Debug|Any CPU.ActiveCfg = Debug|Any CPU
		{7C99C442-7EB2-4E03-B857-45BD53B3B0C8}.Debug|Any CPU.Build.0 = Debug|Any CPU
		{7C99C442-7EB2-4E03-B857-45BD53B3B0C8}.Release|Any CPU.ActiveCfg = Release|Any CPU
		{7C99C442-7EB2-4E03-B857-45BD53B3B0C8}.Release|Any CPU.Build.0 = Release|Any CPU
		{F9E9464D-F560-471A-8F77-057C8B583148}.Debug|Any CPU.ActiveCfg = Debug|Any CPU
		{F9E9464D-F560-471A-8F77-057C8B583148}.Debug|Any CPU.Build.0 = Debug|Any CPU
		{F9E9464D-F560-471A-8F77-057C8B583148}.Release|Any CPU.ActiveCfg = Release|Any CPU
		{F9E9464D-F560-471A-8F77-057C8B583148}.Release|Any CPU.Build.0 = Release|Any CPU
		{73EFCA57-81EC-41A4-9B24-5D4E73A4150A}.Debug|Any CPU.ActiveCfg = Debug|Any CPU
		{73EFCA57-81EC-41A4-9B24-5D4E73A4150A}.Debug|Any CPU.Build.0 = Debug|Any CPU
		{73EFCA57-81EC-41A4-9B24-5D4E73A4150A}.Release|Any CPU.ActiveCfg = Release|Any CPU
		{73EFCA57-81EC-41A4-9B24-5D4E73A4150A}.Release|Any CPU.Build.0 = Release|Any CPU
		{75BB8531-3797-4CF5-902F-58F16408371D}.Debug|Any CPU.ActiveCfg = Debug|Any CPU
		{75BB8531-3797-4CF5-902F-58F16408371D}.Debug|Any CPU.Build.0 = Debug|Any CPU
		{75BB8531-3797-4CF5-902F-58F16408371D}.Release|Any CPU.ActiveCfg = Release|Any CPU
		{75BB8531-3797-4CF5-902F-58F16408371D}.Release|Any CPU.Build.0 = Release|Any CPU
		{85A6C4B3-BB86-4DED-8B12-37D78EA572FA}.Debug|Any CPU.ActiveCfg = Debug|Any CPU
		{85A6C4B3-BB86-4DED-8B12-37D78EA572FA}.Debug|Any CPU.Build.0 = Debug|Any CPU
		{85A6C4B3-BB86-4DED-8B12-37D78EA572FA}.Release|Any CPU.ActiveCfg = Release|Any CPU
		{85A6C4B3-BB86-4DED-8B12-37D78EA572FA}.Release|Any CPU.Build.0 = Release|Any CPU
		{92136C81-C464-4B90-AA4F-46B74463128C}.Debug|Any CPU.ActiveCfg = Debug|Any CPU
		{92136C81-C464-4B90-AA4F-46B74463128C}.Debug|Any CPU.Build.0 = Debug|Any CPU
		{92136C81-C464-4B90-AA4F-46B74463128C}.Release|Any CPU.ActiveCfg = Release|Any CPU
		{92136C81-C464-4B90-AA4F-46B74463128C}.Release|Any CPU.Build.0 = Release|Any CPU
		{4D21A7FB-846B-4584-AFF9-620EFF2F3F3C}.Debug|Any CPU.ActiveCfg = Debug|Any CPU
		{4D21A7FB-846B-4584-AFF9-620EFF2F3F3C}.Debug|Any CPU.Build.0 = Debug|Any CPU
		{4D21A7FB-846B-4584-AFF9-620EFF2F3F3C}.Release|Any CPU.ActiveCfg = Release|Any CPU
		{4D21A7FB-846B-4584-AFF9-620EFF2F3F3C}.Release|Any CPU.Build.0 = Release|Any CPU
	EndGlobalSection
	GlobalSection(SolutionProperties) = preSolution
		HideSolutionNode = FALSE
	EndGlobalSection
	GlobalSection(NestedProjects) = preSolution
		{7C99C442-7EB2-4E03-B857-45BD53B3B0C8} = {5B58761A-F8B5-4C66-B132-85A5F7271438}
		{F9E9464D-F560-471A-8F77-057C8B583148} = {5B58761A-F8B5-4C66-B132-85A5F7271438}
		{73EFCA57-81EC-41A4-9B24-5D4E73A4150A} = {4259183F-DAAD-478E-929D-0889F3F607D0}
		{75BB8531-3797-4CF5-902F-58F16408371D} = {4259183F-DAAD-478E-929D-0889F3F607D0}
		{85A6C4B3-BB86-4DED-8B12-37D78EA572FA} = {E4AD64A9-ECFE-4840-98C5-D356EEC25E99}
		{92136C81-C464-4B90-AA4F-46B74463128C} = {E4AD64A9-ECFE-4840-98C5-D356EEC25E99}
		{4D21A7FB-846B-4584-AFF9-620EFF2F3F3C} = {BA388B84-DB57-4F6F-9A59-29207F66D55D}
	EndGlobalSection
	GlobalSection(ExtensibilityGlobals) = postSolution
		SolutionGuid = {15C5C3E4-3C89-4D96-AEFB-D8B800113151}
	EndGlobalSection
EndGlobal
